{
  "name": "@harmonyjs/persistence",
  "version": "2.0.0-rc2.49",
  "lockfileVersion": 1,
  "requires": true,
  "dependencies": {
    "@harmonyjs/types-persistence": {
      "version": "1.0.0-rc2.50",
      "resolved": "https://registry.npmjs.org/@harmonyjs/types-persistence/-/types-persistence-1.0.0-rc2.50.tgz",
      "integrity": "sha512-P8kQSv9m+YIBu4mL6kXnu6wxiF1b7yRxfAlnHafbnXjNgdjQh3dx6QwZccWwRogSXh/JWWGhi+DwY5eY5B5XqQ=="
    },
    "typescript": {
      "version": "3.7.5",
      "resolved": "https://registry.npmjs.org/typescript/-/typescript-3.7.5.tgz",
      "integrity": "sha512-/P5lkRXkWHNAbcJIiHPfRoKqyd7bsyCma1hZNUGfn20qm64T6ZBlrzprymeu918H+mB/0rIg2gGK/BXkhhYgBw==",
      "dev": true
    }
  }
}
